{
  "originHash" : "26fee843b02c1fec1383cd4efe74ebe51d3924325293547250e09487dc2f31eb",
  "pins" : [
    {
      "identity" : "libarchive.xcframework",
      "kind" : "remoteSourceControl",
      "location" : "https://github.com/Lakr233/libarchive.xcframework.git",
      "state" : {
        "revision" : "3bda868f1868790de2dd246a9eff76eeecba3537",
        "version" : "0.1.1"
      }
    },
    {
      "identity" : "machokit",
      "kind" : "remoteSourceControl",
      "location" : "https://github.com/p-x9/MachOKit.git",
      "state" : {
        "revision" : "773e10797abc53914b94c2ee8c6f40f5da0b06eb",
        "version" : "0.52.2"
      }
    },
    {
      "identity" : "objectarchivekit",
      "kind" : "remoteSourceControl",
      "location" : "https://github.com/p-x9/ObjectArchiveKit.git",
      "state" : {
        "revision" : "96d782a576273b73b277b577943a2a25b00b919e",
        "version" : "0.5.0"
      }
    },
    {
      "identity" : "swift-asn1",
      "kind" : "remoteSourceControl",
      "location" : "https://github.com/apple/swift-asn1.git",
      "state" : {
        "revision" : "3b6410f7dee09eb33cdd26260c5fd47fda19b0e2",
        "version" : "1.7.3"
      }
    },
    {
      "identity" : "swift-binary-parse-support",
      "kind" : "remoteSourceControl",
      "location" : "https://github.com/p-x9/swift-binary-parse-support.git",
      "state" : {
        "revision" : "5fb96b503672ea4752eded6b4e301fd87214b03b",
        "version" : "0.2.1"
      }
    },
    {
      "identity" : "swift-crypto",
      "kind" : "remoteSourceControl",
      "location" : "https://github.com/apple/swift-crypto.git",
      "state" : {
        "revision" : "95ba0316a9b733e92bb6b071255ff46263bbe7dc",
        "version" : "3.15.1"
      }
    },
    {
      "identity" : "swift-fileio",
      "kind" : "remoteSourceControl",
      "location" : "https://github.com/p-x9/swift-fileio.git",
      "state" : {
        "revision" : "e581ae04d4079c675042fa62aeabc5ba7480d3df",
        "version" : "0.14.0"
      }
    },
    {
      "identity" : "swift-fileio-extra",
      "kind" : "remoteSourceControl",
      "location" : "https://github.com/p-x9/swift-fileio-extra.git",
      "state" : {
        "revision" : "8d83506dd4dff737807d90dbf2264096ed98c7a7",
        "version" : "0.2.2"
      }
    }
  ],
  "version" : 3
}
